
Microsoft Visual Studio Solution File, Format Version 12.00
# Visual Studio Version 17
VisualStudioVersion = 17.0.31903.59
MinimumVisualStudioVersion = 10.0.40219.1
Project("{2150E333-8FDC-42A3-9474-1A3956D46DE8}") = "src", "src", "{827E0CD3-B72D-47B6-A68D-7590B98EB39B}"
EndProject
Project("{FAE04EC0-301F-11D3-BF4B-00C04F79EFBC}") = "Npi.Core", "src\Npi.Core\Npi.Core.csproj", "{0D73A064-00B4-44C8-9608-8DB9D2BF323E}"
EndProject
Project("{FAE04EC0-301F-11D3-BF4B-00C04F79EFBC}") = "Npi.Loader", "src\Npi.Loader\Npi.Loader.csproj", "{31E842F9-32B4-470F-B628-6BCD1A0CC856}"
EndProject
Project("{FAE04EC0-301F-11D3-BF4B-00C04F79EFBC}") = "Npi.Web", "src\Npi.Web\Npi.Web.csproj", "{02F6747F-0880-44CA-BC3E-9EF26F73B591}"
EndProject
Project("{2150E333-8FDC-42A3-9474-1A3956D46DE8}") = "tests", "tests", "{0AB3BF05-4346-4AA6-1389-037BE0695223}"
EndProject
Project("{FAE04EC0-301F-11D3-BF4B-00C04F79EFBC}") = "Npi.Core.Tests", "tests\Npi.Core.Tests\Npi.Core.Tests.csproj", "{C3D8B36B-70C9-4B58-8BB0-037B3CD28DFE}"
EndProject
Project("{FAE04EC0-301F-11D3-BF4B-00C04F79EFBC}") = "Npi.Loader.Tests", "tests\Npi.Loader.Tests\Npi.Loader.Tests.csproj", "{6A30FC57-7222-4BDD-938B-279C821D772C}"
EndProject
Global
	GlobalSection(SolutionConfigurationPlatforms) = preSolution
		Debug|Any CPU = Debug|Any CPU
		Debug|x64 = Debug|x64
		Debug|x86 = Debug|x86
		Release|Any CPU = Release|Any CPU
		Release|x64 = Release|x64
		Release|x86 = Release|x86
	EndGlobalSection
	GlobalSection(ProjectConfigurationPlatforms) = postSolution
		{0D73A064-00B4-44C8-9608-8DB9D2BF323E}.Debug|Any CPU.ActiveCfg = Debug|Any CPU
		{0D73A064-00B4-44C8-9608-8DB9D2BF323E}.Debug|Any CPU.Build.0 = Debug|Any CPU
		{0D73A064-00B4-44C8-9608-8DB9D2BF323E}.Debug|x64.ActiveCfg = Debug|Any CPU
		{0D73A064-00B4-44C8-9608-8DB9D2BF323E}.Debug|x64.Build.0 = Debug|Any CPU
		{0D73A064-00B4-44C8-9608-8DB9D2BF323E}.Debug|x86.ActiveCfg = Debug|Any CPU
		{0D73A064-00B4-44C8-9608-8DB9D2BF323E}.Debug|x86.Build.0 = Debug|Any CPU
		{0D73A064-00B4-44C8-9608-8DB9D2BF323E}.Release|Any CPU.ActiveCfg = Release|Any CPU
		{0D73A064-00B4-44C8-9608-8DB9D2BF323E}.Release|Any CPU.Build.0 = Release|Any CPU
		{0D73A064-00B4-44C8-9608-8DB9D2BF323E}.Release|x64.ActiveCfg = Release|Any CPU
		{0D73A064-00B4-44C8-9608-8DB9D2BF323E}.Release|x64.Build.0 = Release|Any CPU
		{0D73A064-00B4-44C8-9608-8DB9D2BF323E}.Release|x86.ActiveCfg = Release|Any CPU
		{0D73A064-00B4-44C8-9608-8DB9D2BF323E}.Release|x86.Build.0 = Release|Any CPU
		{31E842F9-32B4-470F-B628-6BCD1A0CC856}.Debug|Any CPU.ActiveCfg = Debug|Any CPU
		{31E842F9-32B4-470F-B628-6BCD1A0CC856}.Debug|Any CPU.Build.0 = Debug|Any CPU
		{31E842F9-32B4-470F-B628-6BCD1A0CC856}.Debug|x64.ActiveCfg = Debug|Any CPU
		{31E842F9-32B4-470F-B628-6BCD1A0CC856}.Debug|x64.Build.0 = Debug|Any CPU
		{31E842F9-32B4-470F-B628-6BCD1A0CC856}.Debug|x86.ActiveCfg = Debug|Any CPU
		{31E842F9-32B4-470F-B628-6BCD1A0CC856}.Debug|x86.Build.0 = Debug|Any CPU
		{31E842F9-32B4-470F-B628-6BCD1A0CC856}.Release|Any CPU.ActiveCfg = Release|Any CPU
		{31E842F9-32B4-470F-B628-6BCD1A0CC856}.Release|Any CPU.Build.0 = Release|Any CPU
		{31E842F9-32B4-470F-B628-6BCD1A0CC856}.Release|x64.ActiveCfg = Release|Any CPU
		{31E842F9-32B4-470F-B628-6BCD1A0CC856}.Release|x64.Build.0 = Release|Any CPU
		{31E842F9-32B4-470F-B628-6BCD1A0CC856}.Release|x86.ActiveCfg = Release|Any CPU
		{31E842F9-32B4-470F-B628-6BCD1A0CC856}.Release|x86.Build.0 = Release|Any CPU
		{02F6747F-0880-44CA-BC3E-9EF26F73B591}.Debug|Any CPU.ActiveCfg = Debug|Any CPU
		{02F6747F-0880-44CA-BC3E-9EF26F73B591}.Debug|Any CPU.Build.0 = Debug|Any CPU
		{02F6747F-0880-44CA-BC3E-9EF26F73B591}.Debug|x64.ActiveCfg = Debug|Any CPU
		{02F6747F-0880-44CA-BC3E-9EF26F73B591}.Debug|x64.Build.0 = Debug|Any CPU
		{02F6747F-0880-44CA-BC3E-9EF26F73B591}.Debug|x86.ActiveCfg = Debug|Any CPU
		{02F6747F-0880-44CA-BC3E-9EF26F73B591}.Debug|x86.Build.0 = Debug|Any CPU
		{02F6747F-0880-44CA-BC3E-9EF26F73B591}.Release|Any CPU.ActiveCfg = Release|Any CPU
		{02F6747F-0880-44CA-BC3E-9EF26F73B591}.Release|Any CPU.Build.0 = Release|Any CPU
		{02F6747F-0880-44CA-BC3E-9EF26F73B591}.Release|x64.ActiveCfg = Release|Any CPU
		{02F6747F-0880-44CA-BC3E-9EF26F73B591}.Release|x64.Build.0 = Release|Any CPU
		{02F6747F-0880-44CA-BC3E-9EF26F73B591}.Release|x86.ActiveCfg = Release|Any CPU
		{02F6747F-0880-44CA-BC3E-9EF26F73B591}.Release|x86.Build.0 = Release|Any CPU
		{C3D8B36B-70C9-4B58-8BB0-037B3CD28DFE}.Debug|Any CPU.ActiveCfg = Debug|Any CPU
		{C3D8B36B-70C9-4B58-8BB0-037B3CD28DFE}.Debug|Any CPU.Build.0 = Debug|Any CPU
		{C3D8B36B-70C9-4B58-8BB0-037B3CD28DFE}.Debug|x64.ActiveCfg = Debug|Any CPU
		{C3D8B36B-70C9-4B58-8BB0-037B3CD28DFE}.Debug|x64.Build.0 = Debug|Any CPU
		{C3D8B36B-70C9-4B58-8BB0-037B3CD28DFE}.Debug|x86.ActiveCfg = Debug|Any CPU
		{C3D8B36B-70C9-4B58-8BB0-037B3CD28DFE}.Debug|x86.Build.0 = Debug|Any CPU
		{C3D8B36B-70C9-4B58-8BB0-037B3CD28DFE}.Release|Any CPU.ActiveCfg = Release|Any CPU
		{C3D8B36B-70C9-4B58-8BB0-037B3CD28DFE}.Release|Any CPU.Build.0 = Release|Any CPU
		{C3D8B36B-70C9-4B58-8BB0-037B3CD28DFE}.Release|x64.ActiveCfg = Release|Any CPU
		{C3D8B36B-70C9-4B58-8BB0-037B3CD28DFE}.Release|x64.Build.0 = Release|Any CPU
		{C3D8B36B-70C9-4B58-8BB0-037B3CD28DFE}.Release|x86.ActiveCfg = Release|Any CPU
		{C3D8B36B-70C9-4B58-8BB0-037B3CD28DFE}.Release|x86.Build.0 = Release|Any CPU
		{6A30FC57-7222-4BDD-938B-279C821D772C}.Debug|Any CPU.ActiveCfg = Debug|Any CPU
		{6A30FC57-7222-4BDD-938B-279C821D772C}.Debug|Any CPU.Build.0 = Debug|Any CPU
		{6A30FC57-7222-4BDD-938B-279C821D772C}.Debug|x64.ActiveCfg = Debug|Any CPU
		{6A30FC57-7222-4BDD-938B-279C821D772C}.Debug|x64.Build.0 = Debug|Any CPU
		{6A30FC57-7222-4BDD-938B-279C821D772C}.Debug|x86.ActiveCfg = Debug|Any CPU
		{6A30FC57-7222-4BDD-938B-279C821D772C}.Debug|x86.Build.0 = Debug|Any CPU
		{6A30FC57-7222-4BDD-938B-279C821D772C}.Release|Any CPU.ActiveCfg = Release|Any CPU
		{6A30FC57-7222-4BDD-938B-279C821D772C}.Release|Any CPU.Build.0 = Release|Any CPU
		{6A30FC57-7222-4BDD-938B-279C821D772C}.Release|x64.ActiveCfg = Release|Any CPU
		{6A30FC57-7222-4BDD-938B-279C821D772C}.Release|x64.Build.0 = Release|Any CPU
		{6A30FC57-7222-4BDD-938B-279C821D772C}.Release|x86.ActiveCfg = Release|Any CPU
		{6A30FC57-7222-4BDD-938B-279C821D772C}.Release|x86.Build.0 = Release|Any CPU
	EndGlobalSection
	GlobalSection(SolutionProperties) = preSolution
		HideSolutionNode = FALSE
	EndGlobalSection
	GlobalSection(NestedProjects) = preSolution
		{0D73A064-00B4-44C8-9608-8DB9D2BF323E} = {827E0CD3-B72D-47B6-A68D-7590B98EB39B}
		{31E842F9-32B4-470F-B628-6BCD1A0CC856} = {827E0CD3-B72D-47B6-A68D-7590B98EB39B}
		{02F6747F-0880-44CA-BC3E-9EF26F73B591} = {827E0CD3-B72D-47B6-A68D-7590B98EB39B}
		{C3D8B36B-70C9-4B58-8BB0-037B3CD28DFE} = {0AB3BF05-4346-4AA6-1389-037BE0695223}
		{6A30FC57-7222-4BDD-938B-279C821D772C} = {0AB3BF05-4346-4AA6-1389-037BE0695223}
	EndGlobalSection
EndGlobal
